Microsoft Visual Studio Solution File, Format Version 11.00
# Visual Studio 2010
Project("{DD743814-5722-DDA8-B1E4-8E780E53D486}") = "sample", "sample.vcxproj", "{F3A33227-5E95-5ACF-CB9B-10A7A3EE07AB}"
EndProject
Global
	GlobalSection(SolutionConfigurationPlatforms) = preSolution
		Debug|Win32 = Debug|Win32
		Release|Win32 = Release|Win32
	EndGlobalSection
	GlobalSection(ProjectConfigurationPlatforms) = postSolution
		{F3A33227-5E95-5ACF-CB9B-10A7A3EE07AB}.Debug|Win32.ActiveCfg = Debug|Win32
		{F3A33227-5E95-5ACF-CB9B-10A7A3EE07AB}.Debug|Win32.Build.0 = Debug|Win32
		{F3A33227-5E95-5ACF-CB9B-10A7A3EE07AB}.Release|Win32.ActiveCfg = Release|Win32
		{F3A33227-5E95-5ACF-CB9B-10A7A3EE07AB}.Release|Win32.Build.0 = Release|Win32
	EndGlobalSection
	GlobalSection(SolutionProperties) = preSolution
		HideSolutionNode = FALSE
	EndGlobalSection
EndGlobal
